
Microsoft Visual Studio Solution File, Format Version 12.00
# Visual Studio Version 17
VisualStudioVersion = 17.9.34728.123
MinimumVisualStudioVersion = 10.0.40219.1
Project("{FAE04EC0-301F-11D3-BF4B-00C04F79EFBC}") = "CSLight", "CSLight\CSLight.csproj", "{A7F1FFA1-F566-46F4-B375-23B98BC5F677}"
EndProject
Global
	GlobalSection(SolutionConfigurationPlatforms) = preSolution
		Debug|Any CPU = Debug|Any CPU
		Release|Any CPU = Release|Any CPU
	EndGlobalSection
	GlobalSection(ProjectConfigurationPlatforms) = postSolution
		{A7F1FFA1-F566-46F4-B375-23B98BC5F677}.Debug|Any CPU.ActiveCfg = Debug|Any CPU
		{A7F1FFA1-F566-46F4-B375-23B98BC5F677}.Debug|Any CPU.Build.0 = Debug|Any CPU
		{A7F1FFA1-F566-46F4-B375-23B98BC5F677}.Release|Any CPU.ActiveCfg = Release|Any CPU
		{A7F1FFA1-F566-46F4-B375-23B98BC5F677}.Release|Any CPU.Build.0 = Release|Any CPU
	EndGlobalSection
	GlobalSection(SolutionProperties) = preSolution
		HideSolutionNode = FALSE
	EndGlobalSection
	GlobalSection(ExtensibilityGlobals) = postSolution
		SolutionGuid = {11743AE3-DA57-436B-B6F0-D4AF3213CF03}
	EndGlobalSection
EndGlobal
